
Microsoft Visual Studio Solution File, Format Version 12.00
# Visual Studio Version 17
VisualStudioVersion = 17.14.36623.8 d17.14
MinimumVisualStudioVersion = 10.0.40219.1
Project("{FAE04EC0-301F-11D3-BF4B-00C04F79EFBC}") = "WinFormsApp1", "WinFormsApp1\WinFormsApp1.csproj", "{45CB9F2B-E1BF-470C-A22F-1A6C9B389F04}"
EndProject
Global
	GlobalSection(SolutionConfigurationPlatforms) = preSolution
		Debug|Any CPU = Debug|Any CPU
		Release|Any CPU = Release|Any CPU
	EndGlobalSection
	GlobalSection(ProjectConfigurationPlatforms) = postSolution
		{45CB9F2B-E1BF-470C-A22F-1A6C9B389F04}.Debug|Any CPU.ActiveCfg = Debug|Any CPU
		{45CB9F2B-E1BF-470C-A22F-1A6C9B389F04}.Debug|Any CPU.Build.0 = Debug|Any CPU
		{45CB9F2B-E1BF-470C-A22F-1A6C9B389F04}.Release|Any CPU.ActiveCfg = Release|Any CPU
		{45CB9F2B-E1BF-470C-A22F-1A6C9B389F04}.Release|Any CPU.Build.0 = Release|Any CPU
	EndGlobalSection
	GlobalSection(SolutionProperties) = preSolution
		HideSolutionNode = FALSE
	EndGlobalSection
	GlobalSection(ExtensibilityGlobals) = postSolution
		SolutionGuid = {F1CD2014-0661-4AB6-9CEC-4B16B1BA9776}
	EndGlobalSection
EndGlobal
